// !$*UTF8*$!
{
	archiveVersion = 1;
	classes = {
	};
	objectVersion = 46;
	objects = {

/* Begin PBXBuildFile section */
		9BD90B63198EA9E800A63721 /* LCView.m in Sources */ = {isa = PBXBuildFile; fileRef = 9BD90B62198EA9E800A63721 /* LCView.m */; };
		9BE316E91983E65200D402FC /* main.m in Sources */ = {isa = PBXBuildFile; fileRef = 9BE316E81983E65200D402FC /* main.m */; };
		9BE316EC1983E65200D402FC /* AppDelegate.m in Sources */ = {isa = PBXBuildFile; fileRef = 9BE316EB1983E65200D402FC /* AppDelegate.m */; };
		9BE316EF1983E65200D402FC /* LCViewController.m in Sources */ = {isa = PBXBuildFile; fileRef = 9BE316EE1983E65200D402FC /* LCViewController.m */; };
		9BE316F21983E65200D402FC /* Main.storyboard in Resources */ = {isa = PBXBuildFile; fileRef = 9BE316F01983E65200D402FC /* Main.storyboard */; };
		9BE316F41983E65200D402FC /* Images.xcassets in Resources */ = {isa = PBXBuildFile; fileRef = 9BE316F31983E65200D402FC /* Images.xcassets */; };
		9BE317001983E65200D402FC /* LifeCycleTestTests.m in Sources */ = {isa = PBXBuildFile; fileRef = 9BE316FF1983E65200D402FC /* LifeCycleTestTests.m */; };
/* End PBXBuildFile section */

/* Begin PBXContainerItemProxy section */
		9BE316FA1983E65200D402FC /* PBXContainerItemProxy */ = {
			isa = PBXContainerItemProxy;
			containerPortal = 9BE316DB1983E65200D402FC /* Project object */;
			proxyType = 1;
			remoteGlobalIDString = 9BE316E21983E65200D402FC;
			remoteInfo = LifeCycleTest;
		};
/* End PBXContainerItemProxy section */

/* Begin PBXFileReference section */
		9BD90B61198EA9E800A63721 /* LCView.h */ = {isa = PBXFileReference; fileEncoding = 4; lastKnownFileType = sourcecode.c.h; path = LCView.h; sourceTree = "<group>"; };
		9BD90B62198EA9E800A63721 /* LCView.m */ = {isa = PBXFileReference; fileEncoding = 4; lastKnownFileType = sourcecode.c.objc; path = LCView.m; sourceTree = "<group>"; };
		9BE316E31983E65200D402FC /* LifeCycleTest.app */ = {isa = PBXFileReference; explicitFileType = wrapper.application; includeInIndex = 0; path = LifeCycleTest.app; sourceTree = BUILT_PRODUCTS_DIR; };
		9BE316E71983E65200D402FC /* Info.plist */ = {isa = PBXFileReference; lastKnownFileType = text.plist.xml; path = Info.plist; sourceTree = "<group>"; };
		9BE316E81983E65200D402FC /* main.m */ = {isa = PBXFileReference; lastKnownFileType = sourcecode.c.objc; path = main.m; sourceTree = "<group>"; };
		9BE316EA1983E65200D402FC /* AppDelegate.h */ = {isa = PBXFileReference; lastKnownFileType = sourcecode.c.h; path = AppDelegate.h; sourceTree = "<group>"; };
		9BE316EB1983E65200D402FC /* AppDelegate.m */ = {isa = PBXFileReference; lastKnownFileType = sourcecode.c.objc; path = AppDelegate.m; sourceTree = "<group>"; };
		9BE316ED1983E65200D402FC /* LCViewController.h */ = {isa = PBXFileReference; lastKnownFileType = sourcecode.c.h; path = LCViewController.h; sourceTree = "<group>"; };
		9BE316EE1983E65200D402FC /* LCViewController.m */ = {isa = PBXFileReference; lastKnownFileType = sourcecode.c.objc; path = LCViewController.m; sourceTree = "<group>"; };
		9BE316F11983E65200D402FC /* Base */ = {isa = PBXFileReference; lastKnownFileType = file.storyboard; name = Base; path = Base.lproj/Main.storyboard; sourceTree = "<group>"; };
		9BE316F31983E65200D402FC /* Images.xcassets */ = {isa = PBXFileReference; lastKnownFileType = folder.assetcatalog; path = Images.xcassets; sourceTree = "<group>"; };
		9BE316F91983E65200D402FC /* LifeCycleTestTests.xctest */ = {isa = PBXFileReference; explicitFileType = wrapper.cfbundle; includeInIndex = 0; path = LifeCycleTestTests.xctest; sourceTree = BUILT_PRODUCTS_DIR; };
		9BE316FE1983E65200D402FC /* Info.plist */ = {isa = PBXFileReference; lastKnownFileType = text.plist.xml; path = Info.plist; sourceTree = "<group>"; };
		9BE316FF1983E65200D402FC /* LifeCycleTestTests.m */ = {isa = PBXFileReference; lastKnownFileType = sourcecode.c.objc; path = LifeCycleTestTests.m; sourceTree = "<group>"; };
/* End PBXFileReference section */

/* Begin PBXFrameworksBuildPhase section */
		9BE316E01983E65200D402FC /* Frameworks */ = {
			isa = PBXFrameworksBuildPhase;
			buildActionMask = 2147483647;
			files = (
			);
			runOnlyForDeploymentPostprocessing = 0;
		};
		9BE316F61983E65200D402FC /* Frameworks */ = {
			isa = PBXFrameworksBuildPhase;
			buildActionMask = 2147483647;
			files = (
			);
			runOnlyForDeploymentPostprocessing = 0;
		};
/* End PBXFrameworksBuildPhase section */

/* Begin PBXGroup section */
		9BE316DA1983E65200D402FC = {
			isa = PBXGroup;
			children = (
				9BE316E51983E65200D402FC /* LifeCycleTest */,
				9BE316FC1983E65200D402FC /* LifeCycleTestTests */,
				9BE316E41983E65200D402FC /* Products */,
			);
			sourceTree = "<group>";
		};
		9BE316E41983E65200D402FC /* Products */ = {
			isa = PBXGroup;
			children = (
				9BE316E31983E65200D402FC /* LifeCycleTest.app */,
				9BE316F91983E65200D402FC /* LifeCycleTestTests.xctest */,
			);
			name = Products;
			sourceTree = "<group>";
		};
		9BE316E51983E65200D402FC /* LifeCycleTest */ = {
			isa = PBXGroup;
			children = (
				9BE316EA1983E65200D402FC /* AppDelegate.h */,
				9BE316EB1983E65200D402FC /* AppDelegate.m */,
				9BE316ED1983E65200D402FC /* LCViewController.h */,
				9BE316EE1983E65200D402FC /* LCViewController.m */,
				9BD90B61198EA9E800A63721 /* LCView.h */,
				9BD90B62198EA9E800A63721 /* LCView.m */,
				9BE316F01983E65200D402FC /* Main.storyboard */,
				9BE316F31983E65200D402FC /* Images.xcassets */,
				9BE316E61983E65200D402FC /* Supporting Files */,
			);
			path = LifeCycleTest;
			sourceTree = "<group>";
		};
		9BE316E61983E65200D402FC /* Supporting Files */ = {
			isa = PBXGroup;
			children = (
				9BE316E71983E65200D402FC /* Info.plist */,
				9BE316E81983E65200D402FC /* main.m */,
			);
			name = "Supporting Files";
			sourceTree = "<group>";
		};
		9BE316FC1983E65200D402FC /* LifeCycleTestTests */ = {
			isa = PBXGroup;
			children = (
				9BE316FF1983E65200D402FC /* LifeCycleTestTests.m */,
				9BE316FD1983E65200D402FC /* Supporting Files */,
			);
			path = LifeCycleTestTests;
			sourceTree = "<group>";
		};
		9BE316FD1983E65200D402FC /* Supporting Files */ = {
			isa = PBXGroup;
			children = (
				9BE316FE1983E65200D402FC /* Info.plist */,
			);
			name = "Supporting Files";
			sourceTree = "<group>";
		};
/* End PBXGroup section */

/* Begin PBXNativeTarget section */
		9BE316E21983E65200D402FC /* LifeCycleTest */ = {
			isa = PBXNativeTarget;
			buildConfigurationList = 9BE317031983E65200D402FC /* Build configuration list for PBXNativeTarget "LifeCycleTest" */;
			buildPhases = (
				9BE316DF1983E65200D402FC /* Sources */,
				9BE316E01983E65200D402FC /* Frameworks */,
				9BE316E11983E65200D402FC /* Resources */,
			);
			buildRules = (
			);
			dependencies = (
			);
			name = LifeCycleTest;
			productName = LifeCycleTest;
			productReference = 9BE316E31983E65200D402FC /* LifeCycleTest.app */;
			productType = "com.apple.product-type.application";
		};
		9BE316F81983E65200D402FC /* LifeCycleTestTests */ = {
			isa = PBXNativeTarget;
			buildConfigurationList = 9BE317061983E65200D402FC /* Build configuration list for PBXNativeTarget "LifeCycleTestTests" */;
			buildPhases = (
				9BE316F51983E65200D402FC /* Sources */,
				9BE316F61983E65200D402FC /* Frameworks */,
				9BE316F71983E65200D402FC /* Resources */,
			);
			buildRules = (
			);
			dependencies = (
				9BE316FB1983E65200D402FC /* PBXTargetDependency */,
			);
			name = LifeCycleTestTests;
			productName = LifeCycleTestTests;
			productReference = 9BE316F91983E65200D402FC /* LifeCycleTestTests.xctest */;
			productType = "com.apple.product-type.bundle.unit-test";
		};
/* End PBXNativeTarget section */

/* Begin PBXProject section */
		9BE316DB1983E65200D402FC /* Project object */ = {
			isa = PBXProject;
			attributes = {
				LastUpgradeCheck = 0600;
				ORGANIZATIONNAME = "Brad Bambara";
				TargetAttributes = {
					9BE316E21983E65200D402FC = {
						CreatedOnToolsVersion = 6.0;
					};
					9BE316F81983E65200D402FC = {
						CreatedOnToolsVersion = 6.0;
						TestTargetID = 9BE316E21983E65200D402FC;
					};
				};
			};
			buildConfigurationList = 9BE316DE1983E65200D402FC /* Build configuration list for PBXProject "LifeCycleTest" */;
			compatibilityVersion = "Xcode 3.2";
			developmentRegion = English;
			hasScannedForEncodings = 0;
			knownRegions = (
				en,
				Base,
			);
			mainGroup = 9BE316DA1983E65200D402FC;
			productRefGroup = 9BE316E41983E65200D402FC /* Products */;
			projectDirPath = "";
			projectRoot = "";
			targets = (
				9BE316E21983E65200D402FC /* LifeCycleTest */,
				9BE316F81983E65200D402FC /* LifeCycleTestTests */,
			);
		};
/* End PBXProject section */

/* Begin PBXResourcesBuildPhase section */
		9BE316E11983E65200D402FC /* Resources */ = {
			isa = PBXResourcesBuildPhase;
			buildActionMask = 2147483647;
			files = (
				9BE316F21983E65200D402FC /* Main.storyboard in Resources */,
				9BE316F41983E65200D402FC /* Images.xcassets in Resources */,
			);
			runOnlyForDeploymentPostprocessing = 0;
		};
		9BE316F71983E65200D402FC /* Resources */ = {
			isa = PBXResourcesBuildPhase;
			buildActionMask = 2147483647;
			files = (
			);
			runOnlyForDeploymentPostprocessing = 0;
		};
/* End PBXResourcesBuildPhase section */

/* Begin PBXSourcesBuildPhase section */
		9BE316DF1983E65200D402FC /* Sources */ = {
			isa = PBXSourcesBuildPhase;
			buildActionMask = 2147483647;
			files = (
				9BE316EF1983E65200D402FC /* LCViewController.m in Sources */,
				9BD90B63198EA9E800A63721 /* LCView.m in Sources */,
				9BE316EC1983E65200D402FC /* AppDelegate.m in Sources */,
				9BE316E91983E65200D402FC /* main.m in Sources */,
			);
			runOnlyForDeploymentPostprocessing = 0;
		};
		9BE316F51983E65200D402FC /* Sources */ = {
			isa = PBXSourcesBuildPhase;
			buildActionMask = 2147483647;
			files = (
				9BE317001983E65200D402FC /* LifeCycleTestTests.m in Sources */,
			);
			runOnlyForDeploymentPostprocessing = 0;
		};
/* End PBXSourcesBuildPhase section */

/* Begin PBXTargetDependency section */
		9BE316FB1983E65200D402FC /* PBXTargetDependency */ = {
			isa = PBXTargetDependency;
			target = 9BE316E21983E65200D402FC /* LifeCycleTest */;
			targetProxy = 9BE316FA1983E65200D402FC /* PBXContainerItemProxy */;
		};
/* End PBXTargetDependency section */

/* Begin PBXVariantGroup section */
		9BE316F01983E65200D402FC /* Main.storyboard */ = {
			isa = PBXVariantGroup;
			children = (
				9BE316F11983E65200D402FC /* Base */,
			);
			name = Main.storyboard;
			sourceTree = "<group>";
		};
/* End PBXVariantGroup section */

/* Begin XCBuildConfiguration section */
		9BE317011983E65200D402FC /* Debug */ = {
			isa = XCBuildConfiguration;
			buildSettings = {
				ALWAYS_SEARCH_USER_PATHS = NO;
				CLANG_CXX_LANGUAGE_STANDARD = "gnu++0x";
				CLANG_CXX_LIBRARY = "libc++";
				CLANG_ENABLE_MODULES = YES;
				CLANG_ENABLE_OBJC_ARC = YES;
				CLANG_WARN_BOOL_CONVERSION = YES;
				CLANG_WARN_CONSTANT_CONVERSION = YES;
				CLANG_WARN_DIRECT_OBJC_ISA_USAGE = YES_ERROR;
				CLANG_WARN_EMPTY_BODY = YES;
				CLANG_WARN_ENUM_CONVERSION = YES;
				CLANG_WARN_INT_CONVERSION = YES;
				CLANG_WARN_OBJC_ROOT_CLASS = YES_ERROR;
				CLANG_WARN_UNREACHABLE_CODE = YES;
				CLANG_WARN__DUPLICATE_METHOD_MATCH = YES;
				"CODE_SIGN_IDENTITY[sdk=iphoneos*]" = "iPhone Developer";
				COPY_PHASE_STRIP = NO;
				ENABLE_STRICT_OBJC_MSGSEND = YES;
				GCC_C_LANGUAGE_STANDARD = gnu99;
				GCC_DYNAMIC_NO_PIC = NO;
				GCC_OPTIMIZATION_LEVEL = 0;
				GCC_PREPROCESSOR_DEFINITIONS = (
					"DEBUG=1",
					"$(inherited)",
				);
				GCC_SYMBOLS_PRIVATE_EXTERN = NO;
				GCC_WARN_64_TO_32_BIT_CONVERSION = YES;
				GCC_WARN_ABOUT_RETURN_TYPE = YES_ERROR;
				GCC_WARN_UNDECLARED_SELECTOR = YES;
				GCC_WARN_UNINITIALIZED_AUTOS = YES_AGGRESSIVE;
				GCC_WARN_UNUSED_FUNCTION = YES;
				GCC_WARN_UNUSED_VARIABLE = YES;
				IPHONEOS_DEPLOYMENT_TARGET = 8.0;
				METAL_ENABLE_DEBUG_INFO = YES;
				ONLY_ACTIVE_ARCH = YES;
				SDKROOT = iphoneos;
				TARGETED_DEVICE_FAMILY = 2;
			};
			name = Debug;
		};
		9BE317021983E65200D402FC /* Release */ = {
			isa = XCBuildConfiguration;
			buildSettings = {
				ALWAYS_SEARCH_USER_PATHS = NO;
				CLANG_CXX_LANGUAGE_STANDARD = "gnu++0x";
				CLANG_CXX_LIBRARY = "libc++";
				CLANG_ENABLE_MODULES = YES;
				CLANG_ENABLE_OBJC_ARC = YES;
				CLANG_WARN_BOOL_CONVERSION = YES;
				CLANG_WARN_CONSTANT_CONVERSION = YES;
				CLANG_WARN_DIRECT_OBJC_ISA_USAGE = YES_ERROR;
				CLANG_WARN_EMPTY_BODY = YES;
				CLANG_WARN_ENUM_CONVERSION = YES;
				CLANG_WARN_INT_CONVERSION = YES;
				CLANG_WARN_OBJC_ROOT_CLASS = YES_ERROR;
				CLANG_WARN_UNREACHABLE_CODE = YES;
				CLANG_WARN__DUPLICATE_METHOD_MATCH = YES;
				"CODE_SIGN_IDENTITY[sdk=iphoneos*]" = "iPhone Developer";
				COPY_PHASE_STRIP = YES;
				ENABLE_NS_ASSERTIONS = NO;
				ENABLE_STRICT_OBJC_MSGSEND = YES;
				GCC_C_LANGUAGE_STANDARD = gnu99;
				GCC_WARN_64_TO_32_BIT_CONVERSION = YES;
				GCC_WARN_ABOUT_RETURN_TYPE = YES_ERROR;
				GCC_WARN_UNDECLARED_SELECTOR = YES;
				GCC_WARN_UNINITIALIZED_AUTOS = YES_AGGRESSIVE;
				GCC_WARN_UNUSED_FUNCTION = YES;
				GCC_WARN_UNUSED_VARIABLE = YES;
				IPHONEOS_DEPLOYMENT_TARGET = 8.0;
				METAL_ENABLE_DEBUG_INFO = NO;
				SDKROOT = iphoneos;
				TARGETED_DEVICE_FAMILY = 2;
				VALIDATE_PRODUCT = YES;
			};
			name = Release;
		};
		9BE317041983E65200D402FC /* Debug */ = {
			isa = XCBuildConfiguration;
			buildSettings = {
				ASSETCATALOG_COMPILER_APPICON_NAME = AppIcon;
				ASSETCATALOG_COMPILER_LAUNCHIMAGE_NAME = LaunchImage;
				INFOPLIST_FILE = LifeCycleTest/Info.plist;
				IPHONEOS_DEPLOYMENT_TARGET = 7.1;
				LD_RUNPATH_SEARCH_PATHS = "$(inherited) @executable_path/Frameworks";
				PRODUCT_NAME = "$(TARGET_NAME)";
			};
			name = Debug;
		};
		9BE317051983E65200D402FC /* Release */ = {
			isa = XCBuildConfiguration;
			buildSettings = {
				ASSETCATALOG_COMPILER_APPICON_NAME = AppIcon;
				ASSETCATALOG_COMPILER_LAUNCHIMAGE_NAME = LaunchImage;
				INFOPLIST_FILE = LifeCycleTest/Info.plist;
				IPHONEOS_DEPLOYMENT_TARGET = 7.1;
				LD_RUNPATH_SEARCH_PATHS = "$(inherited) @executable_path/Frameworks";
				PRODUCT_NAME = "$(TARGET_NAME)";
			};
			name = Release;
		};
		9BE317071983E65200D402FC /* Debug */ = {
			isa = XCBuildConfiguration;
			buildSettings = {
				BUNDLE_LOADER = "$(BUILT_PRODUCTS_DIR)/LifeCycleTest.app/LifeCycleTest";
				FRAMEWORK_SEARCH_PATHS = (
					"$(SDKROOT)/Developer/Library/Frameworks",
					"$(inherited)",
				);
				GCC_PREPROCESSOR_DEFINITIONS = (
					"DEBUG=1",
					"$(inherited)",
				);
				INFOPLIST_FILE = LifeCycleTestTests/Info.plist;
				LD_RUNPATH_SEARCH_PATHS = "$(inherited) @executable_path/Frameworks @loader_path/Frameworks";
				METAL_ENABLE_DEBUG_INFO = YES;
				PRODUCT_NAME = "$(TARGET_NAME)";
				TEST_HOST = "$(BUNDLE_LOADER)";
			};
			name = Debug;
		};
		9BE317081983E65200D402FC /* Release */ = {
			isa = XCBuildConfiguration;
			buildSettings = {
				BUNDLE_LOADER = "$(BUILT_PRODUCTS_DIR)/LifeCycleTest.app/LifeCycleTest";
				FRAMEWORK_SEARCH_PATHS = (
					"$(SDKROOT)/Developer/Library/Frameworks",
					"$(inherited)",
				);
				INFOPLIST_FILE = LifeCycleTestTests/Info.plist;
				LD_RUNPATH_SEARCH_PATHS = "$(inherited) @executable_path/Frameworks @loader_path/Frameworks";
				METAL_ENABLE_DEBUG_INFO = NO;
				PRODUCT_NAME = "$(TARGET_NAME)";
				TEST_HOST = "$(BUNDLE_LOADER)";
			};
			name = Release;
		};
/* End XCBuildConfiguration section */

/* Begin XCConfigurationList section */
		9BE316DE1983E65200D402FC /* Build configuration list for PBXProject "LifeCycleTest" */ = {
			isa = XCConfigurationList;
			buildConfigurations = (
				9BE317011983E65200D402FC /* Debug */,
				9BE317021983E65200D402FC /* Release */,
			);
			defaultConfigurationIsVisible = 0;
			defaultConfigurationName = Release;
		};
		9BE317031983E65200D402FC /* Build configuration list for PBXNativeTarget "LifeCycleTest" */ = {
			isa = XCConfigurationList;
			buildConfigurations = (
				9BE317041983E65200D402FC /* Debug */,
				9BE317051983E65200D402FC /* Release */,
			);
			defaultConfigurationIsVisible = 0;
			defaultConfigurationName = Release;
		};
		9BE317061983E65200D402FC /* Build configuration list for PBXNativeTarget "LifeCycleTestTests" */ = {
			isa = XCConfigurationList;
			buildConfigurations = (
				9BE317071983E65200D402FC /* Debug */,
				9BE317081983E65200D402FC /* Release */,
			);
			defaultConfigurationIsVisible = 0;
			defaultConfigurationName = Release;
		};
/* End XCConfigurationList section */
	};
	rootObject = 9BE316DB1983E65200D402FC /* Project object */;
}
